
Microsoft Visual Studio Solution File, Format Version 12.00
# Visual Studio Version 16
VisualStudioVersion = 16.0.31515.178
MinimumVisualStudioVersion = 10.0.40219.1
Project("{9A19103F-16F7-4668-BE54-9A1E7A4F7556}") = "LINQAndLambdaChallenge.Code", "LINQAndLambdaChallenge.Code\LINQAndLambdaChallenge.Code.csproj", "{7EB336E1-AE7E-4D56-A460-ADF4379198DB}"
EndProject
Project("{9A19103F-16F7-4668-BE54-9A1E7A4F7556}") = "LINQAndLambdaChallenge.Tests", "LINQAndLambdaChallenge.Tests\LINQAndLambdaChallenge.Tests.csproj", "{C39CD93D-0E9F-4B13-95B8-102D960CBC50}"
EndProject
Project("{9A19103F-16F7-4668-BE54-9A1E7A4F7556}") = "ModelSolutionIfYouNeedIt.Code", "ModelSolutionIfYouNeedIt.Code\LINQAndLambdaChallenge.Code.csproj", "{DA2B9376-0C42-4A09-BD79-619D104971BC}"
EndProject
Global
	GlobalSection(SolutionConfigurationPlatforms) = preSolution
		Debug|Any CPU = Debug|Any CPU
		Release|Any CPU = Release|Any CPU
	EndGlobalSection
	GlobalSection(ProjectConfigurationPlatforms) = postSolution
		{7EB336E1-AE7E-4D56-A460-ADF4379198DB}.Debug|Any CPU.ActiveCfg = Debug|Any CPU
		{7EB336E1-AE7E-4D56-A460-ADF4379198DB}.Debug|Any CPU.Build.0 = Debug|Any CPU
		{7EB336E1-AE7E-4D56-A460-ADF4379198DB}.Release|Any CPU.ActiveCfg = Release|Any CPU
		{7EB336E1-AE7E-4D56-A460-ADF4379198DB}.Release|Any CPU.Build.0 = Release|Any CPU
		{C39CD93D-0E9F-4B13-95B8-102D960CBC50}.Debug|Any CPU.ActiveCfg = Debug|Any CPU
		{C39CD93D-0E9F-4B13-95B8-102D960CBC50}.Debug|Any CPU.Build.0 = Debug|Any CPU
		{C39CD93D-0E9F-4B13-95B8-102D960CBC50}.Release|Any CPU.ActiveCfg = Release|Any CPU
		{C39CD93D-0E9F-4B13-95B8-102D960CBC50}.Release|Any CPU.Build.0 = Release|Any CPU
	EndGlobalSection
	GlobalSection(SolutionProperties) = preSolution
		HideSolutionNode = FALSE
	EndGlobalSection
	GlobalSection(ExtensibilityGlobals) = postSolution
		SolutionGuid = {A4529469-F6B3-4E3B-A0B5-4E35D0BF0CBF}
	EndGlobalSection
EndGlobal
